# THIS IS AN AUTOGENERATED FILE. DO NOT EDIT THIS FILE DIRECTLY.
# yarn lockfile v1


"@babel/runtime@^7.10.2":
  "integrity" "sha512-8+3UMPBrjFa/6TtKi/7sehPKqfAm4g6K+YQjyyFOLUTxzOngcRZTlAVY8sc2CORJYqdHQY8gRPHmn+qo15rCBw=="
  "resolved" "https://registry.yarnpkg.com/@babel/runtime/-/runtime-7.12.13.tgz"
  "version" "7.12.13"
  dependencies:
    "regenerator-runtime" "^0.13.4"

"@opentelemetry/api@^0.15.0":
  "integrity" "sha512-tPyzyO8P33wWUlUdo8+NawX2qnn8HyVUAilANWLxrT9C6g4JbN6eatSQrx3G0NzohnobT3fiwrbVFNeacWS9gg=="
  "resolved" "https://registry.yarnpkg.com/@opentelemetry/api/-/api-0.15.0.tgz"
  "version" "0.15.0"
  dependencies:
    "@opentelemetry/context-base" "^0.15.0"

"@opentelemetry/context-async-hooks@^0.15.0", "@opentelemetry/context-async-hooks@0.15.0":
  "integrity" "sha512-pSMUEtcNdEN5KITa7kpBRQbBj5+P/OpT3uWbf9FpQHMZ0mfee/cUU1tgDIIvPFjMgHa1N7Vcg8SPaonqrgqGNQ=="
  "resolved" "https://registry.yarnpkg.com/@opentelemetry/context-async-hooks/-/context-async-hooks-0.15.0.tgz"
  "version" "0.15.0"
  dependencies:
    "@opentelemetry/context-base" "^0.15.0"

"@opentelemetry/context-base@^0.15.0":
  "integrity" "sha512-J8AKI035Mf84bcD+0Ok69Oo3nKoa+HLCj54/ZKcTPJPfx3MywZOEildDPej2fV3tA0d0G9BID8b6o+BGpbwmig=="
  "resolved" "https://registry.yarnpkg.com/@opentelemetry/context-base/-/context-base-0.15.0.tgz"
  "version" "0.15.0"

"@opentelemetry/core@^0.15.0":
  "integrity" "sha512-4LLBoayeT0L+BpO+RYzoDsLByn1FMDqpQLto7M8P2DXOtxI//TWSo13KCMbv+pprOyweMWcsxL8jj+qv9ktSAg=="
  "resolved" "https://registry.yarnpkg.com/@opentelemetry/core/-/core-0.15.0.tgz"
  "version" "0.15.0"
  dependencies:
    "@opentelemetry/api" "^0.15.0"
    "@opentelemetry/context-base" "^0.15.0"
    "semver" "^7.1.3"

"@opentelemetry/node@0.15.0":
  "integrity" "sha512-Qy1D8lJeKjXzS/PJVNoCeyIoDFYak/vXo1NWblwNlyo7S//9g2gb/jBwdcb/FaQfQtJQHPRIgcz1ia6gdxZ3sQ=="
  "resolved" "https://registry.yarnpkg.com/@opentelemetry/node/-/node-0.15.0.tgz"
  "version" "0.15.0"
  dependencies:
    "@opentelemetry/api" "^0.15.0"
    "@opentelemetry/context-async-hooks" "^0.15.0"
    "@opentelemetry/core" "^0.15.0"
    "@opentelemetry/tracing" "^0.15.0"
    "require-in-the-middle" "^5.0.0"
    "semver" "^7.1.3"

"@opentelemetry/resources@^0.15.0":
  "integrity" "sha512-0PK6d6NEVwchfBXqjoMWMudRsP4z9IUdY6qSlBPXL9ikOcbLzLp8Ngc0rY2BrnZa58CttsRRceA1ul/1ipp+1w=="
  "resolved" "https://registry.yarnpkg.com/@opentelemetry/resources/-/resources-0.15.0.tgz"
  "version" "0.15.0"
  dependencies:
    "@opentelemetry/api" "^0.15.0"
    "@opentelemetry/core" "^0.15.0"

"@opentelemetry/semantic-conventions@^0.15.0", "@opentelemetry/semantic-conventions@0.15.0":
  "integrity" "sha512-JYHR5zZv2+1bg//mx6YE6b/gQPs0zGqjD0/4dDwa9x1Jpo9T18h480izqMJIlu3JZbXwlGm9a7PQhMKsLis63Q=="
  "resolved" "https://registry.yarnpkg.com/@opentelemetry/semantic-conventions/-/semantic-conventions-0.15.0.tgz"
  "version" "0.15.0"

"@opentelemetry/tracing@^0.15.0", "@opentelemetry/tracing@0.15.0":
  "integrity" "sha512-BpHanNBmVY3ABMMIHCnv2dk3OrBdpb4WZWUw4UmtnLB2q8DQejiqDQgoNFO8CNSRaPW09Tf78W73VFIfwd+dEQ=="
  "resolved" "https://registry.yarnpkg.com/@opentelemetry/tracing/-/tracing-0.15.0.tgz"
  "version" "0.15.0"
  dependencies:
    "@opentelemetry/api" "^0.15.0"
    "@opentelemetry/context-base" "^0.15.0"
    "@opentelemetry/core" "^0.15.0"
    "@opentelemetry/resources" "^0.15.0"
    "@opentelemetry/semantic-conventions" "^0.15.0"
    "lodash.merge" "^4.6.2"

"@splitsoftware/splitio@10.15.2":
  "integrity" "sha512-5dRtnw0gkMwkgGIJl+eILjYi8sUA7+r3TJog3LXfa9I+/u5ct2Zh8X30q97R+e10Mi59xqZp5lhQEIytGAIN9w=="
  "resolved" "https://registry.yarnpkg.com/@splitsoftware/splitio/-/splitio-10.15.2.tgz"
  "version" "10.15.2"
  dependencies:
    "@babel/runtime" "^7.10.2"
    "@types/google.analytics" "0.0.40"
    "@types/node" "^13.9.1"
    "events" "3.1.0"
    "eventsource" "^1.0.7"
    "ioredis" "4.18.0"
    "ip" "1.1.5"
    "js-yaml" "3.13.1"
    "node-fetch" "^2.6.1"
    "object-assign" "^4.1.1"
    "unfetch" "^4.1.0"
    "utfx" "1.0.1"
  optionalDependencies:
    "eventsource" "^1.0.7"

"@types/google.analytics@0.0.40":
  "integrity" "sha512-R3HpnLkqmKxhUAf8kIVvDVGJqPtaaZlW4yowNwjOZUTmYUQEgHh8Nh5wkSXKMroNAuQM8gbXJHmNbbgA8tdb7Q=="
  "resolved" "https://registry.yarnpkg.com/@types/google.analytics/-/google.analytics-0.0.40.tgz"
  "version" "0.0.40"

"@types/node@^13.9.1":
  "integrity" "sha512-qLT9IvHiXJfdrje9VmsLzun7cQ65obsBTmtU3EOnCSLFOoSHx1hpiRHoBnpdbyFqnzqdUUIv81JcEJQCB8un9g=="
  "resolved" "https://registry.yarnpkg.com/@types/node/-/node-13.13.41.tgz"
  "version" "13.13.41"

"@types/node@14.0.27":
  "integrity" "sha512-kVrqXhbclHNHGu9ztnAwSncIgJv/FaxmzXJvGXNdcCpV1b8u1/Mi6z6m0vwy0LzKeXFTPLH0NzwmoJ3fNCIq0g=="
  "resolved" "https://registry.yarnpkg.com/@types/node/-/node-14.0.27.tgz"
  "version" "14.0.27"

"@types/shimmer@1.0.1":
  "integrity" "sha512-I9ouuzrWLcjM1wre7f0i780W3KHk5PxFAC5KOpvpOGNaTsaKLN8p7sqRh9THwV9cpdOA/YJC+yMhG1jonQFdRQ=="
  "resolved" "https://registry.yarnpkg.com/@types/shimmer/-/shimmer-1.0.1.tgz"
  "version" "1.0.1"

"arg@^4.1.0":
  "integrity" "sha512-58S9QDqG0Xx27YwPSt9fJxivjYl432YCwfDMfZ+71RAqUrZef7LrKQZ3LHLOwCS4FLNBplP533Zx895SeOCHvA=="
  "resolved" "https://registry.yarnpkg.com/arg/-/arg-4.1.3.tgz"
  "version" "4.1.3"

"argparse@^1.0.7":
  "integrity" "sha512-o5Roy6tNG4SL/FOkCAN6RzjiakZS25RLYFrcMttJqbdd8BWrnA+fGz57iN5Pb06pvBGvl5gQ0B48dJlslXvoTg=="
  "resolved" "https://registry.yarnpkg.com/argparse/-/argparse-1.0.10.tgz"
  "version" "1.0.10"
  dependencies:
    "sprintf-js" "~1.0.2"

"buffer-from@^1.0.0":
  "integrity" "sha512-MQcXEUbCKtEo7bhqEs6560Hyd4XaovZlO/k9V3hjVUF/zwW7KBVdSK4gIt/bzwS9MbR5qob+F5jusZsb0YQK2A=="
  "resolved" "https://registry.yarnpkg.com/buffer-from/-/buffer-from-1.1.1.tgz"
  "version" "1.1.1"

"cluster-key-slot@^1.1.0":
  "integrity" "sha512-2Nii8p3RwAPiFwsnZvukotvow2rIHM+yQ6ZcBXGHdniadkYGZYiGmkHJIbZPIV9nfv7m/U1IPMVVcAhoWFeklw=="
  "resolved" "https://registry.yarnpkg.com/cluster-key-slot/-/cluster-key-slot-1.1.0.tgz"
  "version" "1.1.0"

"debug@^4.1.1":
  "integrity" "sha512-doEwdvm4PCeK4K3RQN2ZC2BYUBaxwLARCqZmMjtF8a51J2Rb0xpVloFRnCODwqjpwnAoao4pelN8l3RJdv3gRQ=="
  "resolved" "https://registry.yarnpkg.com/debug/-/debug-4.3.1.tgz"
  "version" "4.3.1"
  dependencies:
    "ms" "2.1.2"

"denque@^1.1.0":
  "integrity" "sha512-CYiCSgIF1p6EUByQPlGkKnP1M9g0ZV3qMIrqMqZqdwazygIA/YP2vrbcyl1h/WppKJTdl1F85cXIle+394iDAQ=="
  "resolved" "https://registry.yarnpkg.com/denque/-/denque-1.5.0.tgz"
  "version" "1.5.0"

"diff@^4.0.1":
  "integrity" "sha512-58lmxKSA4BNyLz+HHMUzlOEpg09FV+ev6ZMe3vJihgdxzgcwZ8VoEEPmALCZG9LmqfVoNMMKpttIYTVG6uDY7A=="
  "resolved" "https://registry.yarnpkg.com/diff/-/diff-4.0.2.tgz"
  "version" "4.0.2"

"esprima@^4.0.0":
  "integrity" "sha512-eGuFFw7Upda+g4p+QHvnW0RyTX/SVeJBDM/gCtMARO0cLuT2HcEKnTPvhjV6aGeqrCB/sbNop0Kszm0jsaWU4A=="
  "resolved" "https://registry.yarnpkg.com/esprima/-/esprima-4.0.1.tgz"
  "version" "4.0.1"

"events@3.1.0":
  "integrity" "sha512-Rv+u8MLHNOdMjTAFeT3nCjHn2aGlx435FP/sDHNaRhDEMwyI/aB22Kj2qIN8R0cw3z28psEQLYwxVKLsKrMgWg=="
  "resolved" "https://registry.yarnpkg.com/events/-/events-3.1.0.tgz"
  "version" "3.1.0"

"eventsource@^1.0.7":
  "integrity" "sha512-4Ln17+vVT0k8aWq+t/bF5arcS3EpT9gYtW66EPacdj/mAFevznsnyoHLPy2BA8gbIQeIHoPsvwmfBftfcG//BQ=="
  "resolved" "https://registry.yarnpkg.com/eventsource/-/eventsource-1.0.7.tgz"
  "version" "1.0.7"
  dependencies:
    "original" "^1.0.0"

"function-bind@^1.1.1":
  "integrity" "sha512-yIovAzMX49sF8Yl58fSCWJ5svSLuaibPxXQJFLmBObTuCr0Mf1KiPopGM9NiFjiYBCbfaa2Fh6breQ6ANVTI0A=="
  "resolved" "https://registry.yarnpkg.com/function-bind/-/function-bind-1.1.1.tgz"
  "version" "1.1.1"

"has@^1.0.3":
  "integrity" "sha512-f2dvO0VU6Oej7RkWJGrehjbzMAjFp5/VKPp5tTpWIV4JHHZK1/BxbFRtf/siA2SWTe09caDmVtYYzWEIbBS4zw=="
  "resolved" "https://registry.yarnpkg.com/has/-/has-1.0.3.tgz"
  "version" "1.0.3"
  dependencies:
    "function-bind" "^1.1.1"

"ioredis@4.18.0":
  "integrity" "sha512-wXlB60wD+ayJxbD7t+RFBanXinhHyYpfKUxTEEXNOpd0wb+nC8GLH2r7SaZ6sSBOxr8x6jDfBiuMaiK3bPYABw=="
  "resolved" "https://registry.yarnpkg.com/ioredis/-/ioredis-4.18.0.tgz"
  "version" "4.18.0"
  dependencies:
    "cluster-key-slot" "^1.1.0"
    "debug" "^4.1.1"
    "denque" "^1.1.0"
    "lodash.defaults" "^4.2.0"
    "lodash.flatten" "^4.4.0"
    "redis-commands" "1.6.0"
    "redis-errors" "^1.2.0"
    "redis-parser" "^3.0.0"
    "standard-as-callback" "^2.0.1"

"ip@1.1.5":
  "integrity" "sha1-vd7XARQpCCjAoDnnLvJfWq7ENUo="
  "resolved" "https://registry.yarnpkg.com/ip/-/ip-1.1.5.tgz"
  "version" "1.1.5"

"is-core-module@^2.1.0":
  "integrity" "sha512-XRAfAdyyY5F5cOXn7hYQDqh2Xmii+DEfIcQGxK/uNwMHhIkPWO0g8msXcbzLe+MpGoR951MlqM/2iIlU4vKDdQ=="
  "resolved" "https://registry.yarnpkg.com/is-core-module/-/is-core-module-2.2.0.tgz"
  "version" "2.2.0"
  dependencies:
    "has" "^1.0.3"

"js-yaml@3.13.1":
  "integrity" "sha512-YfbcO7jXDdyj0DGxYVSlSeQNHbD7XPWvrVWeVUujrQEoZzWJIRrCPoyk6kL6IAjAG2IolMK4T0hNUe0HOUs5Jw=="
  "resolved" "https://registry.yarnpkg.com/js-yaml/-/js-yaml-3.13.1.tgz"
  "version" "3.13.1"
  dependencies:
    "argparse" "^1.0.7"
    "esprima" "^4.0.0"

"lodash.defaults@^4.2.0":
  "integrity" "sha1-0JF4cW/+pN3p5ft7N/bwgCJ0WAw="
  "resolved" "https://registry.yarnpkg.com/lodash.defaults/-/lodash.defaults-4.2.0.tgz"
  "version" "4.2.0"

"lodash.flatten@^4.4.0":
  "integrity" "sha1-8xwiIlqWMtK7+OSt2+8kCqdlph8="
  "resolved" "https://registry.yarnpkg.com/lodash.flatten/-/lodash.flatten-4.4.0.tgz"
  "version" "4.4.0"

"lodash.merge@^4.6.2":
  "integrity" "sha512-0KpjqXRVvrYyCsX1swR/XTK0va6VQkQM6MNo7PqW77ByjAhoARA8EfrP1N4+KlKj8YS0ZUCtRT/YUuhyYDujIQ=="
  "resolved" "https://registry.yarnpkg.com/lodash.merge/-/lodash.merge-4.6.2.tgz"
  "version" "4.6.2"

"lru-cache@^6.0.0":
  "integrity" "sha512-Jo6dJ04CmSjuznwJSS3pUeWmd/H0ffTlkXXgwZi+eq1UCmqQwCh+eLsYOYCwY991i2Fah4h1BEMCx4qThGbsiA=="
  "resolved" "https://registry.yarnpkg.com/lru-cache/-/lru-cache-6.0.0.tgz"
  "version" "6.0.0"
  dependencies:
    "yallist" "^4.0.0"

"make-error@^1.1.1":
  "integrity" "sha512-s8UhlNe7vPKomQhC1qFelMokr/Sc3AgNbso3n74mVPA5LTZwkB9NlXf4XPamLxJE8h0gh73rM94xvwRT2CVInw=="
  "resolved" "https://registry.yarnpkg.com/make-error/-/make-error-1.3.6.tgz"
  "version" "1.3.6"

"module-details-from-path@^1.0.3":
  "integrity" "sha1-EUyUlnPiqKNenTV4hSeqN7Z52is="
  "resolved" "https://registry.yarnpkg.com/module-details-from-path/-/module-details-from-path-1.0.3.tgz"
  "version" "1.0.3"

"ms@2.1.2":
  "integrity" "sha512-sGkPx+VjMtmA6MX27oA4FBFELFCZZ4S4XqeGOXCv68tT+jb3vk/RyaKWP0PTKyWtmLSM0b+adUTEvbs1PEaH2w=="
  "resolved" "https://registry.yarnpkg.com/ms/-/ms-2.1.2.tgz"
  "version" "2.1.2"

"node-fetch@^2.6.1":
  "integrity" "sha512-V4aYg89jEoVRxRb2fJdAg8FHvI7cEyYdVAh94HH0UIK8oJxUfkjlDQN9RbMx+bEjP7+ggMiFRprSti032Oipxw=="
  "resolved" "https://registry.yarnpkg.com/node-fetch/-/node-fetch-2.6.1.tgz"
  "version" "2.6.1"

"object-assign@^4.1.1":
  "integrity" "sha1-IQmtx5ZYh8/AXLvUQsrIv7s2CGM="
  "resolved" "https://registry.yarnpkg.com/object-assign/-/object-assign-4.1.1.tgz"
  "version" "4.1.1"

"original@^1.0.0":
  "integrity" "sha512-hyBVl6iqqUOJ8FqRe+l/gS8H+kKYjrEndd5Pm1MfBtsEKA038HkkdbAl/72EAXGyonD/PFsvmVG+EvcIpliMBg=="
  "resolved" "https://registry.yarnpkg.com/original/-/original-1.0.2.tgz"
  "version" "1.0.2"
  dependencies:
    "url-parse" "^1.4.3"

"path-parse@^1.0.6":
  "integrity" "sha512-GSmOT2EbHrINBf9SR7CDELwlJ8AENk3Qn7OikK4nFYAu3Ote2+JYNVvkpAEQm3/TLNEJFD/xZJjzyxg3KBWOzw=="
  "resolved" "https://registry.yarnpkg.com/path-parse/-/path-parse-1.0.6.tgz"
  "version" "1.0.6"

"querystringify@^2.1.1":
  "integrity" "sha512-FIqgj2EUvTa7R50u0rGsyTftzjYmv/a3hO345bZNrqabNqjtgiDMgmo4mkUjd+nzU5oF3dClKqFIPUKybUyqoQ=="
  "resolved" "https://registry.yarnpkg.com/querystringify/-/querystringify-2.2.0.tgz"
  "version" "2.2.0"

"redis-commands@1.6.0":
  "integrity" "sha512-2jnZ0IkjZxvguITjFTrGiLyzQZcTvaw8DAaCXxZq/dsHXz7KfMQ3OUJy7Tz9vnRtZRVz6VRCPDvruvU8Ts44wQ=="
  "resolved" "https://registry.yarnpkg.com/redis-commands/-/redis-commands-1.6.0.tgz"
  "version" "1.6.0"

"redis-errors@^1.0.0", "redis-errors@^1.2.0":
  "integrity" "sha1-62LSrbFeTq9GEMBK/hUpOEJQq60="
  "resolved" "https://registry.yarnpkg.com/redis-errors/-/redis-errors-1.2.0.tgz"
  "version" "1.2.0"

"redis-parser@^3.0.0":
  "integrity" "sha1-tm2CjNyv5rS4pCin3vTGvKwxyLQ="
  "resolved" "https://registry.yarnpkg.com/redis-parser/-/redis-parser-3.0.0.tgz"
  "version" "3.0.0"
  dependencies:
    "redis-errors" "^1.0.0"

"regenerator-runtime@^0.13.4":
  "integrity" "sha512-a54FxoJDIr27pgf7IgeQGxmqUNYrcV338lf/6gH456HZ/PhX+5BcwHXG9ajESmwe6WRO0tAzRUrRmNONWgkrew=="
  "resolved" "https://registry.yarnpkg.com/regenerator-runtime/-/regenerator-runtime-0.13.7.tgz"
  "version" "0.13.7"

"require-in-the-middle@^5.0.0":
  "integrity" "sha512-M2rLKVupQfJ5lf9OvqFGIT+9iVLnTmjgbOmpil12hiSQNn5zJTKGPoIisETNjfK+09vP3rpm1zJajmErpr2sEQ=="
  "resolved" "https://registry.yarnpkg.com/require-in-the-middle/-/require-in-the-middle-5.1.0.tgz"
  "version" "5.1.0"
  dependencies:
    "debug" "^4.1.1"
    "module-details-from-path" "^1.0.3"
    "resolve" "^1.12.0"

"requires-port@^1.0.0":
  "integrity" "sha1-kl0mAdOaxIXgkc8NpcbmlNw9yv8="
  "resolved" "https://registry.yarnpkg.com/requires-port/-/requires-port-1.0.0.tgz"
  "version" "1.0.0"

"resolve@^1.12.0":
  "integrity" "sha512-rArEXAgsBG4UgRGcynxWIWKFvh/XZCcS8UJdHhwy91zwAvCZIbcs+vAbflgBnNjYMs/i/i+/Ux6IZhML1yPvxg=="
  "resolved" "https://registry.yarnpkg.com/resolve/-/resolve-1.19.0.tgz"
  "version" "1.19.0"
  dependencies:
    "is-core-module" "^2.1.0"
    "path-parse" "^1.0.6"

"semver@^7.1.3":
  "integrity" "sha512-tCfb2WLjqFAtXn4KEdxIhalnRtoKFN7nAwj0B3ZXCbQloV2tq5eDbcTmT68JJD3nRJq24/XgxtQKFIpQdtvmVw=="
  "resolved" "https://registry.yarnpkg.com/semver/-/semver-7.3.4.tgz"
  "version" "7.3.4"
  dependencies:
    "lru-cache" "^6.0.0"

"shimmer@^1.2.1":
  "integrity" "sha512-sQTKC1Re/rM6XyFM6fIAGHRPVGvyXfgzIDvzoq608vM+jeyVD0Tu1E6Np0Kc2zAIFWIj963V2800iF/9LPieQw=="
  "resolved" "https://registry.yarnpkg.com/shimmer/-/shimmer-1.2.1.tgz"
  "version" "1.2.1"

"source-map-support@^0.5.17":
  "integrity" "sha512-Wonm7zOCIJzBGQdB+thsPar0kYuCIzYvxZwlBa87yi/Mdjv7Tip2cyVbLj5o0cFPN4EVkuTwb3GDDyUx2DGnGw=="
  "resolved" "https://registry.yarnpkg.com/source-map-support/-/source-map-support-0.5.19.tgz"
  "version" "0.5.19"
  dependencies:
    "buffer-from" "^1.0.0"
    "source-map" "^0.6.0"

"source-map@^0.6.0":
  "integrity" "sha512-UjgapumWlbMhkBgzT7Ykc5YXUT46F0iKu8SGXq0bcwP5dz/h0Plj6enJqjz1Zbq2l5WaqYnrVbwWOWMyF3F47g=="
  "resolved" "https://registry.yarnpkg.com/source-map/-/source-map-0.6.1.tgz"
  "version" "0.6.1"

"sprintf-js@~1.0.2":
  "integrity" "sha1-BOaSb2YolTVPPdAVIDYzuFcpfiw="
  "resolved" "https://registry.yarnpkg.com/sprintf-js/-/sprintf-js-1.0.3.tgz"
  "version" "1.0.3"

"standard-as-callback@^2.0.1":
  "integrity" "sha512-NQOxSeB8gOI5WjSaxjBgog2QFw55FV8TkS6Y07BiB3VJ8xNTvUYm0wl0s8ObgQ5NhdpnNfigMIKjgPESzgr4tg=="
  "resolved" "https://registry.yarnpkg.com/standard-as-callback/-/standard-as-callback-2.0.1.tgz"
  "version" "2.0.1"

"ts-node@9.0.0":
  "integrity" "sha512-/TqB4SnererCDR/vb4S/QvSZvzQMJN8daAslg7MeaiHvD8rDZsSfXmNeNumyZZzMned72Xoq/isQljYSt8Ynfg=="
  "resolved" "https://registry.yarnpkg.com/ts-node/-/ts-node-9.0.0.tgz"
  "version" "9.0.0"
  dependencies:
    "arg" "^4.1.0"
    "diff" "^4.0.1"
    "make-error" "^1.1.1"
    "source-map-support" "^0.5.17"
    "yn" "3.1.1"

"typescript@>=2.7", "typescript@4.1.3":
  "integrity" "sha512-B3ZIOf1IKeH2ixgHhj6la6xdwR9QrLC5d1VKeCSY4tvkqhF2eqd9O7txNlS0PO3GrBAFIdr3L1ndNwteUbZLYg=="
  "resolved" "https://registry.yarnpkg.com/typescript/-/typescript-4.1.3.tgz"
  "version" "4.1.3"

"unfetch@^4.1.0":
  "integrity" "sha512-F9p7yYCn6cIW9El1zi0HI6vqpeIvBsr3dSuRO6Xuppb1u5rXpCPmMvLSyECLhybr9isec8Ohl0hPekMVrEinDA=="
  "resolved" "https://registry.yarnpkg.com/unfetch/-/unfetch-4.2.0.tgz"
  "version" "4.2.0"

"url-parse@^1.4.3":
  "integrity" "sha512-d3uaVyzDB9tQoSXFvuSUNFibTd9zxd2bkVrDRvF5TmvWWQwqE4lgYJ5m+x1DbecWkw+LK4RNl2CU1hHuOKPVlg=="
  "resolved" "https://registry.yarnpkg.com/url-parse/-/url-parse-1.4.7.tgz"
  "version" "1.4.7"
  dependencies:
    "querystringify" "^2.1.1"
    "requires-port" "^1.0.0"

"utfx@1.0.1":
  "integrity" "sha1-1Ssv1jKpnsqNnUo57s4BSmorAEg="
  "resolved" "https://registry.yarnpkg.com/utfx/-/utfx-1.0.1.tgz"
  "version" "1.0.1"

"yallist@^4.0.0":
  "integrity" "sha512-3wdGidZyq5PB084XLES5TpOSRA3wjXAlIWMhum2kRcv/41Sn2emQ0dycQW4uZXLejwKvg6EsvbdlVL+FYEct7A=="
  "resolved" "https://registry.yarnpkg.com/yallist/-/yallist-4.0.0.tgz"
  "version" "4.0.0"

"yn@3.1.1":
  "integrity" "sha512-Ux4ygGWsu2c7isFWe8Yu1YluJmqVhxqK2cLXNQA5AcC3QfbGNpM7fu0Y8b/z16pXLnFxZYvWhd3fhBY9DLmC6Q=="
  "resolved" "https://registry.yarnpkg.com/yn/-/yn-3.1.1.tgz"
  "version" "3.1.1"
