{
  "name": "ls-partner-otel-metrics-example",
  "version": "0.0.1",
  "lockfileVersion": 2,
  "requires": true,
  "packages": {
    "": {
      "name": "ls-partner-otel-metrics-example",
      "version": "0.0.1",
      "license": "ISC",
      "dependencies": {
        "@opentelemetry/api": "^0.20.0",
        "@opentelemetry/exporter-collector": "^0.20.0",
        "@opentelemetry/host-metrics": "^0.20.0",
        "@opentelemetry/metrics": "^0.20.0"
      }
    },
    "node_modules/@opentelemetry/api": {
      "version": "0.20.0",
      "resolved": "https://registry.npmjs.org/@opentelemetry/api/-/api-0.20.0.tgz",
      "integrity": "sha512-n06MtDYEc2H07S/NTvGMlxF2Ijp0YbNrI/rBgLcxpEh3hxOkPZA12gxlUoZkBHWCZYau2j3b/uL+QFpiQKOjSw==",
      "engines": {
        "node": ">=8.0.0"
      }
    },
    "node_modules/@opentelemetry/api-metrics": {
      "version": "0.20.0",
      "resolved": "https://registry.npmjs.org/@opentelemetry/api-metrics/-/api-metrics-0.20.0.tgz",
      "integrity": "sha512-S/OeOuk5W8nlv2dp4JQmIzZvafpOKhEb4j9gWdWQaM0+U+Cv+yQlboeTQHFcpj5obwJ7AzTHrwnL6ApV8dtmuw==",
      "engines": {
        "node": ">=8.0.0"
      },
      "peerDependencies": {
        "@opentelemetry/api": "^0.20.0"
      }
    },
    "node_modules/@opentelemetry/core": {
      "version": "0.20.0",
      "resolved": "https://registry.npmjs.org/@opentelemetry/core/-/core-0.20.0.tgz",
      "integrity": "sha512-09zQqB4vp2jcyBnglA/TFklDQoVgWrFKtr9pDm0q3Oa1bD2Hwpq+JapBAw18YdMQsLNQM/qsXhFlS3gFDVEy4A==",
      "dependencies": {
        "@opentelemetry/semantic-conventions": "0.20.0",
        "semver": "^7.1.3"
      },
      "engines": {
        "node": ">=8.5.0"
      },
      "peerDependencies": {
        "@opentelemetry/api": "^0.20.0"
      }
    },
    "node_modules/@opentelemetry/exporter-collector": {
      "version": "0.20.0",
      "resolved": "https://registry.npmjs.org/@opentelemetry/exporter-collector/-/exporter-collector-0.20.0.tgz",
      "integrity": "sha512-ka4FHPqXYZpTRx2KYTUpBB9gqzwtzuVBvxew5/0TpR8W3yP2gUErWPsUBrch2tRBQ7jY2kJN5sfkJPVt/j1X9w==",
      "dependencies": {
        "@opentelemetry/api-metrics": "0.20.0",
        "@opentelemetry/core": "0.20.0",
        "@opentelemetry/metrics": "0.20.0",
        "@opentelemetry/resources": "0.20.0",
        "@opentelemetry/tracing": "0.20.0"
      },
      "engines": {
        "node": ">=8.0.0"
      },
      "peerDependencies": {
        "@opentelemetry/api": "^0.20.0"
      }
    },
    "node_modules/@opentelemetry/host-metrics": {
      "version": "0.20.0",
      "resolved": "https://registry.npmjs.org/@opentelemetry/host-metrics/-/host-metrics-0.20.0.tgz",
      "integrity": "sha512-OTa62lPjDNX9RP6XWA6Bw2PmtC9znlhnbBeCZjmNtRjS73Ef9QLjESt2fQVo9hu4Fpm4WYHKIKeLvJQSbyGZpA==",
      "dependencies": {
        "@opentelemetry/api": "^0.20.0",
        "@opentelemetry/api-metrics": "^0.20.0",
        "@opentelemetry/core": "^0.20.0",
        "@opentelemetry/metrics": "^0.20.0",
        "systeminformation": "^5.0.0"
      },
      "engines": {
        "node": ">=8.5.0"
      }
    },
    "node_modules/@opentelemetry/metrics": {
      "version": "0.20.0",
      "resolved": "https://registry.npmjs.org/@opentelemetry/metrics/-/metrics-0.20.0.tgz",
      "integrity": "sha512-1jqtRvI+AdRIG+Up8njOgooOxa570uoWTKgokanllcCRp2gOOnkgLQ8YQhbArX0F4Xi2FHYe7o5vDO3J0Aj5kA==",
      "dependencies": {
        "@opentelemetry/api-metrics": "0.20.0",
        "@opentelemetry/core": "0.20.0",
        "@opentelemetry/resources": "0.20.0",
        "lodash.merge": "^4.6.2"
      },
      "engines": {
        "node": ">=8.0.0"
      },
      "peerDependencies": {
        "@opentelemetry/api": "^0.20.0"
      }
    },
    "node_modules/@opentelemetry/resources": {
      "version": "0.20.0",
      "resolved": "https://registry.npmjs.org/@opentelemetry/resources/-/resources-0.20.0.tgz",
      "integrity": "sha512-nnd3vIM+A9ih6kOVBc2CF5NkTYmdNci5aQ+A5lQjf3HqjEptcGubpg1J1Q84LSFVoITvuH2O6+GhPBrdxYBt8g==",
      "dependencies": {
        "@opentelemetry/core": "0.20.0",
        "@opentelemetry/semantic-conventions": "0.20.0"
      },
      "engines": {
        "node": ">=8.0.0"
      },
      "peerDependencies": {
        "@opentelemetry/api": "^0.20.0"
      }
    },
    "node_modules/@opentelemetry/semantic-conventions": {
      "version": "0.20.0",
      "resolved": "https://registry.npmjs.org/@opentelemetry/semantic-conventions/-/semantic-conventions-0.20.0.tgz",
      "integrity": "sha512-x40C3vQMttFlnNEfhFwO49jHrY6AoWnntL35TCem3LINr/aw1W0hGhdKY/zweC64CBJEyiHumaae480rqF8eOA==",
      "engines": {
        "node": ">=8.0.0"
      }
    },
    "node_modules/@opentelemetry/tracing": {
      "version": "0.20.0",
      "resolved": "https://registry.npmjs.org/@opentelemetry/tracing/-/tracing-0.20.0.tgz",
      "integrity": "sha512-8ZIH0IBxIucgza0BFNiCCLByUsvu45Dm5k292RlO/E8Z1q/J7otJmh9r/EkaFb0ZSyjNdawmJ1CXnlU7+IQN1w==",
      "dependencies": {
        "@opentelemetry/core": "0.20.0",
        "@opentelemetry/resources": "0.20.0",
        "@opentelemetry/semantic-conventions": "0.20.0",
        "lodash.merge": "^4.6.2"
      },
      "engines": {
        "node": ">=8.0.0"
      },
      "peerDependencies": {
        "@opentelemetry/api": "^0.20.0"
      }
    },
    "node_modules/lodash.merge": {
      "version": "4.6.2",
      "resolved": "https://registry.npmjs.org/lodash.merge/-/lodash.merge-4.6.2.tgz",
      "integrity": "sha512-0KpjqXRVvrYyCsX1swR/XTK0va6VQkQM6MNo7PqW77ByjAhoARA8EfrP1N4+KlKj8YS0ZUCtRT/YUuhyYDujIQ=="
    },
    "node_modules/lru-cache": {
      "version": "6.0.0",
      "resolved": "https://registry.npmjs.org/lru-cache/-/lru-cache-6.0.0.tgz",
      "integrity": "sha512-Jo6dJ04CmSjuznwJSS3pUeWmd/H0ffTlkXXgwZi+eq1UCmqQwCh+eLsYOYCwY991i2Fah4h1BEMCx4qThGbsiA==",
      "dependencies": {
        "yallist": "^4.0.0"
      },
      "engines": {
        "node": ">=10"
      }
    },
    "node_modules/semver": {
      "version": "7.3.5",
      "resolved": "https://registry.npmjs.org/semver/-/semver-7.3.5.tgz",
      "integrity": "sha512-PoeGJYh8HK4BTO/a9Tf6ZG3veo/A7ZVsYrSA6J8ny9nb3B1VrpkuN+z9OE5wfE5p6H4LchYZsegiQgbJD94ZFQ==",
      "dependencies": {
        "lru-cache": "^6.0.0"
      },
      "bin": {
        "semver": "bin/semver.js"
      },
      "engines": {
        "node": ">=10"
      }
    },
    "node_modules/systeminformation": {
      "version": "5.7.4",
      "resolved": "https://registry.npmjs.org/systeminformation/-/systeminformation-5.7.4.tgz",
      "integrity": "sha512-m6oziAu2zP8IMnNZpVWptzpcaXG6x59c2sQB8BI7DTcfBOTLXj5jGgjWxCVP65c5k7Fwhn35yVTCIZEypc1n9A==",
      "os": [
        "darwin",
        "linux",
        "win32",
        "freebsd",
        "openbsd",
        "netbsd",
        "sunos"
      ],
      "bin": {
        "systeminformation": "lib/cli.js"
      },
      "engines": {
        "node": ">=4.0.0"
      },
      "funding": {
        "type": "Buy me a coffee",
        "url": "https://www.buymeacoffee.com/systeminfo"
      }
    },
    "node_modules/yallist": {
      "version": "4.0.0",
      "resolved": "https://registry.npmjs.org/yallist/-/yallist-4.0.0.tgz",
      "integrity": "sha512-3wdGidZyq5PB084XLES5TpOSRA3wjXAlIWMhum2kRcv/41Sn2emQ0dycQW4uZXLejwKvg6EsvbdlVL+FYEct7A=="
    }
  },
  "dependencies": {
    "@opentelemetry/api": {
      "version": "0.20.0",
      "resolved": "https://registry.npmjs.org/@opentelemetry/api/-/api-0.20.0.tgz",
      "integrity": "sha512-n06MtDYEc2H07S/NTvGMlxF2Ijp0YbNrI/rBgLcxpEh3hxOkPZA12gxlUoZkBHWCZYau2j3b/uL+QFpiQKOjSw=="
    },
    "@opentelemetry/api-metrics": {
      "version": "0.20.0",
      "resolved": "https://registry.npmjs.org/@opentelemetry/api-metrics/-/api-metrics-0.20.0.tgz",
      "integrity": "sha512-S/OeOuk5W8nlv2dp4JQmIzZvafpOKhEb4j9gWdWQaM0+U+Cv+yQlboeTQHFcpj5obwJ7AzTHrwnL6ApV8dtmuw==",
      "requires": {}
    },
    "@opentelemetry/core": {
      "version": "0.20.0",
      "resolved": "https://registry.npmjs.org/@opentelemetry/core/-/core-0.20.0.tgz",
      "integrity": "sha512-09zQqB4vp2jcyBnglA/TFklDQoVgWrFKtr9pDm0q3Oa1bD2Hwpq+JapBAw18YdMQsLNQM/qsXhFlS3gFDVEy4A==",
      "requires": {
        "@opentelemetry/semantic-conventions": "0.20.0",
        "semver": "^7.1.3"
      }
    },
    "@opentelemetry/exporter-collector": {
      "version": "0.20.0",
      "resolved": "https://registry.npmjs.org/@opentelemetry/exporter-collector/-/exporter-collector-0.20.0.tgz",
      "integrity": "sha512-ka4FHPqXYZpTRx2KYTUpBB9gqzwtzuVBvxew5/0TpR8W3yP2gUErWPsUBrch2tRBQ7jY2kJN5sfkJPVt/j1X9w==",
      "requires": {
        "@opentelemetry/api-metrics": "0.20.0",
        "@opentelemetry/core": "0.20.0",
        "@opentelemetry/metrics": "0.20.0",
        "@opentelemetry/resources": "0.20.0",
        "@opentelemetry/tracing": "0.20.0"
      }
    },
    "@opentelemetry/host-metrics": {
      "version": "0.20.0",
      "resolved": "https://registry.npmjs.org/@opentelemetry/host-metrics/-/host-metrics-0.20.0.tgz",
      "integrity": "sha512-OTa62lPjDNX9RP6XWA6Bw2PmtC9znlhnbBeCZjmNtRjS73Ef9QLjESt2fQVo9hu4Fpm4WYHKIKeLvJQSbyGZpA==",
      "requires": {
        "@opentelemetry/api": "^0.20.0",
        "@opentelemetry/api-metrics": "^0.20.0",
        "@opentelemetry/core": "^0.20.0",
        "@opentelemetry/metrics": "^0.20.0",
        "systeminformation": "^5.0.0"
      }
    },
    "@opentelemetry/metrics": {
      "version": "0.20.0",
      "resolved": "https://registry.npmjs.org/@opentelemetry/metrics/-/metrics-0.20.0.tgz",
      "integrity": "sha512-1jqtRvI+AdRIG+Up8njOgooOxa570uoWTKgokanllcCRp2gOOnkgLQ8YQhbArX0F4Xi2FHYe7o5vDO3J0Aj5kA==",
      "requires": {
        "@opentelemetry/api-metrics": "0.20.0",
        "@opentelemetry/core": "0.20.0",
        "@opentelemetry/resources": "0.20.0",
        "lodash.merge": "^4.6.2"
      }
    },
    "@opentelemetry/resources": {
      "version": "0.20.0",
      "resolved": "https://registry.npmjs.org/@opentelemetry/resources/-/resources-0.20.0.tgz",
      "integrity": "sha512-nnd3vIM+A9ih6kOVBc2CF5NkTYmdNci5aQ+A5lQjf3HqjEptcGubpg1J1Q84LSFVoITvuH2O6+GhPBrdxYBt8g==",
      "requires": {
        "@opentelemetry/core": "0.20.0",
        "@opentelemetry/semantic-conventions": "0.20.0"
      }
    },
    "@opentelemetry/semantic-conventions": {
      "version": "0.20.0",
      "resolved": "https://registry.npmjs.org/@opentelemetry/semantic-conventions/-/semantic-conventions-0.20.0.tgz",
      "integrity": "sha512-x40C3vQMttFlnNEfhFwO49jHrY6AoWnntL35TCem3LINr/aw1W0hGhdKY/zweC64CBJEyiHumaae480rqF8eOA=="
    },
    "@opentelemetry/tracing": {
      "version": "0.20.0",
      "resolved": "https://registry.npmjs.org/@opentelemetry/tracing/-/tracing-0.20.0.tgz",
      "integrity": "sha512-8ZIH0IBxIucgza0BFNiCCLByUsvu45Dm5k292RlO/E8Z1q/J7otJmh9r/EkaFb0ZSyjNdawmJ1CXnlU7+IQN1w==",
      "requires": {
        "@opentelemetry/core": "0.20.0",
        "@opentelemetry/resources": "0.20.0",
        "@opentelemetry/semantic-conventions": "0.20.0",
        "lodash.merge": "^4.6.2"
      }
    },
    "lodash.merge": {
      "version": "4.6.2",
      "resolved": "https://registry.npmjs.org/lodash.merge/-/lodash.merge-4.6.2.tgz",
      "integrity": "sha512-0KpjqXRVvrYyCsX1swR/XTK0va6VQkQM6MNo7PqW77ByjAhoARA8EfrP1N4+KlKj8YS0ZUCtRT/YUuhyYDujIQ=="
    },
    "lru-cache": {
      "version": "6.0.0",
      "resolved": "https://registry.npmjs.org/lru-cache/-/lru-cache-6.0.0.tgz",
      "integrity": "sha512-Jo6dJ04CmSjuznwJSS3pUeWmd/H0ffTlkXXgwZi+eq1UCmqQwCh+eLsYOYCwY991i2Fah4h1BEMCx4qThGbsiA==",
      "requires": {
        "yallist": "^4.0.0"
      }
    },
    "semver": {
      "version": "7.3.5",
      "resolved": "https://registry.npmjs.org/semver/-/semver-7.3.5.tgz",
      "integrity": "sha512-PoeGJYh8HK4BTO/a9Tf6ZG3veo/A7ZVsYrSA6J8ny9nb3B1VrpkuN+z9OE5wfE5p6H4LchYZsegiQgbJD94ZFQ==",
      "requires": {
        "lru-cache": "^6.0.0"
      }
    },
    "systeminformation": {
      "version": "5.7.4",
      "resolved": "https://registry.npmjs.org/systeminformation/-/systeminformation-5.7.4.tgz",
      "integrity": "sha512-m6oziAu2zP8IMnNZpVWptzpcaXG6x59c2sQB8BI7DTcfBOTLXj5jGgjWxCVP65c5k7Fwhn35yVTCIZEypc1n9A=="
    },
    "yallist": {
      "version": "4.0.0",
      "resolved": "https://registry.npmjs.org/yallist/-/yallist-4.0.0.tgz",
      "integrity": "sha512-3wdGidZyq5PB084XLES5TpOSRA3wjXAlIWMhum2kRcv/41Sn2emQ0dycQW4uZXLejwKvg6EsvbdlVL+FYEct7A=="
    }
  }
}
